
Microsoft Visual Studio Solution File, Format Version 12.00
# Visual Studio Version 17
VisualStudioVersion = 17.9.34607.119
MinimumVisualStudioVersion = 10.0.40219.1
Project("{FAE04EC0-301F-11D3-BF4B-00C04F79EFBC}") = "Spices_pos", "Spices_pos\Spices_pos.csproj", "{DE220172-2E08-4C62-AB8C-6E2DE2417853}"
EndProject
Project("{FAE04EC0-301F-11D3-BF4B-00C04F79EFBC}") = "Reports_info", "Reports_info\Reports_info.csproj", "{CAD8B860-6F49-4DD1-A00B-07741A7244C1}"
EndProject
Global
	GlobalSection(SolutionConfigurationPlatforms) = preSolution
		Debug|Any CPU = Debug|Any CPU
		Release|Any CPU = Release|Any CPU
	EndGlobalSection
	GlobalSection(ProjectConfigurationPlatforms) = postSolution
		{DE220172-2E08-4C62-AB8C-6E2DE2417853}.Debug|Any CPU.ActiveCfg = Debug|Any CPU
		{DE220172-2E08-4C62-AB8C-6E2DE2417853}.Debug|Any CPU.Build.0 = Debug|Any CPU
		{DE220172-2E08-4C62-AB8C-6E2DE2417853}.Release|Any CPU.ActiveCfg = Release|Any CPU
		{DE220172-2E08-4C62-AB8C-6E2DE2417853}.Release|Any CPU.Build.0 = Release|Any CPU
		{CAD8B860-6F49-4DD1-A00B-07741A7244C1}.Debug|Any CPU.ActiveCfg = Debug|Any CPU
		{CAD8B860-6F49-4DD1-A00B-07741A7244C1}.Debug|Any CPU.Build.0 = Debug|Any CPU
		{CAD8B860-6F49-4DD1-A00B-07741A7244C1}.Release|Any CPU.ActiveCfg = Release|Any CPU
		{CAD8B860-6F49-4DD1-A00B-07741A7244C1}.Release|Any CPU.Build.0 = Release|Any CPU
	EndGlobalSection
	GlobalSection(SolutionProperties) = preSolution
		HideSolutionNode = FALSE
	EndGlobalSection
	GlobalSection(ExtensibilityGlobals) = postSolution
		SolutionGuid = {3C5B1ECF-FC20-42B1-8715-EA581B38CC63}
	EndGlobalSection
EndGlobal
